
Microsoft Visual Studio Solution File, Format Version 12.00
# Visual Studio Version 17
VisualStudioVersion = 17.3.32929.385
MinimumVisualStudioVersion = 10.0.40219.1
Project("{8BC9CEB8-8B4A-11D0-8D11-00A0C91BC942}") = "Dx11GameEngine", "Dx11GameEngine\Dx11GameEngine.vcxproj", "{DD768720-0EE2-4D16-8438-7EC36E36A644}"
EndProject
Project("{8BC9CEB8-8B4A-11D0-8D11-00A0C91BC942}") = "GTexturing", "DLLs\GTexturing\GTexturing.vcxproj", "{27DB6F32-3FA0-46B4-8B79-05232DB1AE15}"
EndProject
Project("{2150E333-8FDC-42A3-9474-1A3956D46DE8}") = "DLLs", "DLLs", "{4D630846-B857-4B7E-9FB4-4B06698A19E9}"
EndProject
Project("{2150E333-8FDC-42A3-9474-1A3956D46DE8}") = "Tests", "Tests", "{07451B45-80E3-45BA-894A-927752F22B9B}"
EndProject
Project("{8BC9CEB8-8B4A-11D0-8D11-00A0C91BC942}") = "GTexturing_Tests", "Tests\GTexturing_Tests\GTexturing_Tests.vcxproj", "{18079F93-1C7A-42F7-A0FA-DECFF3158861}"
EndProject
Global
	GlobalSection(SolutionConfigurationPlatforms) = preSolution
		Debug|x64 = Debug|x64
		Debug|x86 = Debug|x86
		Release|x64 = Release|x64
		Release|x86 = Release|x86
	EndGlobalSection
	GlobalSection(ProjectConfigurationPlatforms) = postSolution
		{DD768720-0EE2-4D16-8438-7EC36E36A644}.Debug|x64.ActiveCfg = Debug|x64
		{DD768720-0EE2-4D16-8438-7EC36E36A644}.Debug|x64.Build.0 = Debug|x64
		{DD768720-0EE2-4D16-8438-7EC36E36A644}.Debug|x86.ActiveCfg = Debug|Win32
		{DD768720-0EE2-4D16-8438-7EC36E36A644}.Debug|x86.Build.0 = Debug|Win32
		{DD768720-0EE2-4D16-8438-7EC36E36A644}.Release|x64.ActiveCfg = Release|x64
		{DD768720-0EE2-4D16-8438-7EC36E36A644}.Release|x64.Build.0 = Release|x64
		{DD768720-0EE2-4D16-8438-7EC36E36A644}.Release|x86.ActiveCfg = Release|Win32
		{DD768720-0EE2-4D16-8438-7EC36E36A644}.Release|x86.Build.0 = Release|Win32
		{27DB6F32-3FA0-46B4-8B79-05232DB1AE15}.Debug|x64.ActiveCfg = Debug|x64
		{27DB6F32-3FA0-46B4-8B79-05232DB1AE15}.Debug|x64.Build.0 = Debug|x64
		{27DB6F32-3FA0-46B4-8B79-05232DB1AE15}.Debug|x86.ActiveCfg = Debug|Win32
		{27DB6F32-3FA0-46B4-8B79-05232DB1AE15}.Debug|x86.Build.0 = Debug|Win32
		{27DB6F32-3FA0-46B4-8B79-05232DB1AE15}.Release|x64.ActiveCfg = Release|x64
		{27DB6F32-3FA0-46B4-8B79-05232DB1AE15}.Release|x64.Build.0 = Release|x64
		{27DB6F32-3FA0-46B4-8B79-05232DB1AE15}.Release|x86.ActiveCfg = Release|Win32
		{27DB6F32-3FA0-46B4-8B79-05232DB1AE15}.Release|x86.Build.0 = Release|Win32
		{18079F93-1C7A-42F7-A0FA-DECFF3158861}.Debug|x64.ActiveCfg = Debug|x64
		{18079F93-1C7A-42F7-A0FA-DECFF3158861}.Debug|x64.Build.0 = Debug|x64
		{18079F93-1C7A-42F7-A0FA-DECFF3158861}.Debug|x86.ActiveCfg = Debug|Win32
		{18079F93-1C7A-42F7-A0FA-DECFF3158861}.Debug|x86.Build.0 = Debug|Win32
		{18079F93-1C7A-42F7-A0FA-DECFF3158861}.Release|x64.ActiveCfg = Release|x64
		{18079F93-1C7A-42F7-A0FA-DECFF3158861}.Release|x64.Build.0 = Release|x64
		{18079F93-1C7A-42F7-A0FA-DECFF3158861}.Release|x86.ActiveCfg = Release|Win32
		{18079F93-1C7A-42F7-A0FA-DECFF3158861}.Release|x86.Build.0 = Release|Win32
	EndGlobalSection
	GlobalSection(SolutionProperties) = preSolution
		HideSolutionNode = FALSE
	EndGlobalSection
	GlobalSection(NestedProjects) = preSolution
		{27DB6F32-3FA0-46B4-8B79-05232DB1AE15} = {4D630846-B857-4B7E-9FB4-4B06698A19E9}
		{18079F93-1C7A-42F7-A0FA-DECFF3158861} = {07451B45-80E3-45BA-894A-927752F22B9B}
	EndGlobalSection
	GlobalSection(ExtensibilityGlobals) = postSolution
		SolutionGuid = {68C0DC87-AACD-42DE-AF65-F6CDD1F426A2}
	EndGlobalSection
EndGlobal
