
Microsoft Visual Studio Solution File, Format Version 12.00
# Visual Studio Version 17
VisualStudioVersion = 17.2.32630.192
MinimumVisualStudioVersion = 10.0.40219.1
Project("{8BC9CEB8-8B4A-11D0-8D11-00A0C91BC942}") = "GameEngineRT", "GameEngineRT\GameEngineRT.vcxproj", "{6354E489-D41D-458F-80D3-E5567FFE0A78}"
EndProject
Global
	GlobalSection(SolutionConfigurationPlatforms) = preSolution
		Debug|ARM = Debug|ARM
		Debug|ARM64 = Debug|ARM64
		Debug|x64 = Debug|x64
		Debug|x86 = Debug|x86
		Release|ARM = Release|ARM
		Release|ARM64 = Release|ARM64
		Release|x64 = Release|x64
		Release|x86 = Release|x86
	EndGlobalSection
	GlobalSection(ProjectConfigurationPlatforms) = postSolution
		{6354E489-D41D-458F-80D3-E5567FFE0A78}.Debug|ARM.ActiveCfg = Debug|ARM
		{6354E489-D41D-458F-80D3-E5567FFE0A78}.Debug|ARM.Build.0 = Debug|ARM
		{6354E489-D41D-458F-80D3-E5567FFE0A78}.Debug|ARM.Deploy.0 = Debug|ARM
		{6354E489-D41D-458F-80D3-E5567FFE0A78}.Debug|ARM64.ActiveCfg = Debug|ARM64
		{6354E489-D41D-458F-80D3-E5567FFE0A78}.Debug|ARM64.Build.0 = Debug|ARM64
		{6354E489-D41D-458F-80D3-E5567FFE0A78}.Debug|ARM64.Deploy.0 = Debug|ARM64
		{6354E489-D41D-458F-80D3-E5567FFE0A78}.Debug|x64.ActiveCfg = Debug|x64
		{6354E489-D41D-458F-80D3-E5567FFE0A78}.Debug|x64.Build.0 = Debug|x64
		{6354E489-D41D-458F-80D3-E5567FFE0A78}.Debug|x64.Deploy.0 = Debug|x64
		{6354E489-D41D-458F-80D3-E5567FFE0A78}.Debug|x86.ActiveCfg = Debug|Win32
		{6354E489-D41D-458F-80D3-E5567FFE0A78}.Debug|x86.Build.0 = Debug|Win32
		{6354E489-D41D-458F-80D3-E5567FFE0A78}.Debug|x86.Deploy.0 = Debug|Win32
		{6354E489-D41D-458F-80D3-E5567FFE0A78}.Release|ARM.ActiveCfg = Release|ARM
		{6354E489-D41D-458F-80D3-E5567FFE0A78}.Release|ARM.Build.0 = Release|ARM
		{6354E489-D41D-458F-80D3-E5567FFE0A78}.Release|ARM.Deploy.0 = Release|ARM
		{6354E489-D41D-458F-80D3-E5567FFE0A78}.Release|ARM64.ActiveCfg = Release|ARM64
		{6354E489-D41D-458F-80D3-E5567FFE0A78}.Release|ARM64.Build.0 = Release|ARM64
		{6354E489-D41D-458F-80D3-E5567FFE0A78}.Release|ARM64.Deploy.0 = Release|ARM64
		{6354E489-D41D-458F-80D3-E5567FFE0A78}.Release|x64.ActiveCfg = Release|x64
		{6354E489-D41D-458F-80D3-E5567FFE0A78}.Release|x64.Build.0 = Release|x64
		{6354E489-D41D-458F-80D3-E5567FFE0A78}.Release|x64.Deploy.0 = Release|x64
		{6354E489-D41D-458F-80D3-E5567FFE0A78}.Release|x86.ActiveCfg = Release|Win32
		{6354E489-D41D-458F-80D3-E5567FFE0A78}.Release|x86.Build.0 = Release|Win32
		{6354E489-D41D-458F-80D3-E5567FFE0A78}.Release|x86.Deploy.0 = Release|Win32
	EndGlobalSection
	GlobalSection(SolutionProperties) = preSolution
		HideSolutionNode = FALSE
	EndGlobalSection
	GlobalSection(ExtensibilityGlobals) = postSolution
		SolutionGuid = {0F3D2646-258E-4443-B256-97B9EF14BE73}
	EndGlobalSection
EndGlobal
